
Microsoft Visual Studio Solution File, Format Version 12.00
Project("{FAE04EC0-301F-11D3-BF4B-00C04F79EFBC}") = "Grade.Common", "Grade.Common\Grade.Common.csproj", "{16BBB035-D480-4BD9-A352-4B4C6790AC6D}"
EndProject
Project("{FAE04EC0-301F-11D3-BF4B-00C04F79EFBC}") = "Grade.API", "Grade.API\Grade.API.csproj", "{4B99E927-3970-407F-BD7F-F3959FA8A2D2}"
EndProject
Project("{FAE04EC0-301F-11D3-BF4B-00C04F79EFBC}") = "Grade.Web", "Grade.Web\Grade.Web.csproj", "{84263EB2-2283-4FBE-AEA4-6050E5FB690B}"
EndProject
Global
	GlobalSection(SolutionConfigurationPlatforms) = preSolution
		Debug|Any CPU = Debug|Any CPU
		Release|Any CPU = Release|Any CPU
	EndGlobalSection
	GlobalSection(ProjectConfigurationPlatforms) = postSolution
		{16BBB035-D480-4BD9-A352-4B4C6790AC6D}.Debug|Any CPU.ActiveCfg = Debug|Any CPU
		{16BBB035-D480-4BD9-A352-4B4C6790AC6D}.Debug|Any CPU.Build.0 = Debug|Any CPU
		{16BBB035-D480-4BD9-A352-4B4C6790AC6D}.Release|Any CPU.ActiveCfg = Release|Any CPU
		{16BBB035-D480-4BD9-A352-4B4C6790AC6D}.Release|Any CPU.Build.0 = Release|Any CPU
		{4B99E927-3970-407F-BD7F-F3959FA8A2D2}.Debug|Any CPU.ActiveCfg = Debug|Any CPU
		{4B99E927-3970-407F-BD7F-F3959FA8A2D2}.Debug|Any CPU.Build.0 = Debug|Any CPU
		{4B99E927-3970-407F-BD7F-F3959FA8A2D2}.Release|Any CPU.ActiveCfg = Release|Any CPU
		{4B99E927-3970-407F-BD7F-F3959FA8A2D2}.Release|Any CPU.Build.0 = Release|Any CPU
		{84263EB2-2283-4FBE-AEA4-6050E5FB690B}.Debug|Any CPU.ActiveCfg = Debug|Any CPU
		{84263EB2-2283-4FBE-AEA4-6050E5FB690B}.Debug|Any CPU.Build.0 = Debug|Any CPU
		{84263EB2-2283-4FBE-AEA4-6050E5FB690B}.Release|Any CPU.ActiveCfg = Release|Any CPU
		{84263EB2-2283-4FBE-AEA4-6050E5FB690B}.Release|Any CPU.Build.0 = Release|Any CPU
	EndGlobalSection
EndGlobal
